
Microsoft Visual Studio Solution File, Format Version 12.00
Project("{FAE04EC0-301F-11D3-BF4B-00C04F79EFBC}") = "Launcher", "Launcher.csproj", "{D710D9B1-4EFC-421C-B663-C32541031866}"
EndProject
Global
	GlobalSection(SolutionConfigurationPlatforms) = preSolution
		Debug|Any CPU = Debug|Any CPU
		Release|Any CPU = Release|Any CPU
	EndGlobalSection
	GlobalSection(ProjectConfigurationPlatforms) = postSolution
		{D710D9B1-4EFC-421C-B663-C32541031866}.Debug|Any CPU.ActiveCfg = Debug|Any CPU
		{D710D9B1-4EFC-421C-B663-C32541031866}.Debug|Any CPU.Build.0 = Debug|Any CPU
		{D710D9B1-4EFC-421C-B663-C32541031866}.Release|Any CPU.ActiveCfg = Release|Any CPU
		{D710D9B1-4EFC-421C-B663-C32541031866}.Release|Any CPU.Build.0 = Release|Any CPU
	EndGlobalSection
EndGlobal
